// !$*UTF8*$!
{
	archiveVersion = 1;
	classes = {
	};
	objectVersion = 46;
	objects = {

/* Begin PBXBuildFile section */
		95044D291DA23C5200696DC8 /* SideMenuTableViewCell.swift in Sources */ = {isa = PBXBuildFile; fileRef = 95044D281DA23C5200696DC8 /* SideMenuTableViewCell.swift */; };
		95143BEE1D9D0D9F00E389E1 /* Post.swift in Sources */ = {isa = PBXBuildFile; fileRef = 95143BED1D9D0D9F00E389E1 /* Post.swift */; };
		95143BF01D9D0ED100E389E1 /* HomeTableViewCell.swift in Sources */ = {isa = PBXBuildFile; fileRef = 95143BEF1D9D0ED100E389E1 /* HomeTableViewCell.swift */; };
		95143BF61D9D127B00E389E1 /* ResultViewController.swift in Sources */ = {isa = PBXBuildFile; fileRef = 95143BF51D9D127B00E389E1 /* ResultViewController.swift */; };
		95143BF81D9D1ADB00E389E1 /* PlannerViewController.swift in Sources */ = {isa = PBXBuildFile; fileRef = 95143BF71D9D1ADB00E389E1 /* PlannerViewController.swift */; };
		9549ED871D98F6FC0074E306 /* GoogleService-Info.plist in Resources */ = {isa = PBXBuildFile; fileRef = 9549ED861D98F6FC0074E306 /* GoogleService-Info.plist */; };
		9549ED891D9918260074E306 /* Transportation.swift in Sources */ = {isa = PBXBuildFile; fileRef = 9549ED881D9918260074E306 /* Transportation.swift */; };
		9549ED8B1D991C3D0074E306 /* Accommodation.swift in Sources */ = {isa = PBXBuildFile; fileRef = 9549ED8A1D991C3D0074E306 /* Accommodation.swift */; };
		9549ED8E1D991E970074E306 /* Attraction.swift in Sources */ = {isa = PBXBuildFile; fileRef = 9549ED8D1D991E970074E306 /* Attraction.swift */; };
		959002351DA2354700EB5C76 /* SWRevealViewController.m in Sources */ = {isa = PBXBuildFile; fileRef = 959002341DA2354700EB5C76 /* SWRevealViewController.m */; };
		959002371DA2399A00EB5C76 /* SideMenuTableViewController.swift in Sources */ = {isa = PBXBuildFile; fileRef = 959002361DA2399A00EB5C76 /* SideMenuTableViewController.swift */; };
		9595446C1D9CE2A300D676EB /* HomeTableViewController.swift in Sources */ = {isa = PBXBuildFile; fileRef = 9595446B1D9CE2A300D676EB /* HomeTableViewController.swift */; };
		95DB08721D98D01C009C404A /* AppDelegate.swift in Sources */ = {isa = PBXBuildFile; fileRef = 95DB08711D98D01C009C404A /* AppDelegate.swift */; };
		95DB08741D98D01C009C404A /* LoginViewController.swift in Sources */ = {isa = PBXBuildFile; fileRef = 95DB08731D98D01C009C404A /* LoginViewController.swift */; };
		95DB08771D98D01C009C404A /* Main.storyboard in Resources */ = {isa = PBXBuildFile; fileRef = 95DB08751D98D01C009C404A /* Main.storyboard */; };
		95DB087A1D98D01C009C404A /* ETrip.xcdatamodeld in Sources */ = {isa = PBXBuildFile; fileRef = 95DB08781D98D01C009C404A /* ETrip.xcdatamodeld */; };
		95DB087C1D98D01C009C404A /* Assets.xcassets in Resources */ = {isa = PBXBuildFile; fileRef = 95DB087B1D98D01C009C404A /* Assets.xcassets */; };
		95DB087F1D98D01C009C404A /* LaunchScreen.storyboard in Resources */ = {isa = PBXBuildFile; fileRef = 95DB087D1D98D01C009C404A /* LaunchScreen.storyboard */; };
		95DB088A1D98D01C009C404A /* ETripTests.swift in Sources */ = {isa = PBXBuildFile; fileRef = 95DB08891D98D01C009C404A /* ETripTests.swift */; };
		95DB08951D98D01C009C404A /* ETripUITests.swift in Sources */ = {isa = PBXBuildFile; fileRef = 95DB08941D98D01C009C404A /* ETripUITests.swift */; };
		95E3E9191D9E6513005BC373 /* EditViewController.swift in Sources */ = {isa = PBXBuildFile; fileRef = 95E3E9181D9E6513005BC373 /* EditViewController.swift */; };
		95E3E91D1D9E65E3005BC373 /* TitleTableViewCell.swift in Sources */ = {isa = PBXBuildFile; fileRef = 95E3E91C1D9E65E3005BC373 /* TitleTableViewCell.swift */; };
		D93AC57FD5203932B78485C1 /* Pods_ETrip.framework in Frameworks */ = {isa = PBXBuildFile; fileRef = E9938757E2A1A48A1777F11B /* Pods_ETrip.framework */; };
/* End PBXBuildFile section */

/* Begin PBXContainerItemProxy section */
		95DB08861D98D01C009C404A /* PBXContainerItemProxy */ = {
			isa = PBXContainerItemProxy;
			containerPortal = 95DB08661D98D01C009C404A /* Project object */;
			proxyType = 1;
			remoteGlobalIDString = 95DB086D1D98D01C009C404A;
			remoteInfo = ETrip;
		};
		95DB08911D98D01C009C404A /* PBXContainerItemProxy */ = {
			isa = PBXContainerItemProxy;
			containerPortal = 95DB08661D98D01C009C404A /* Project object */;
			proxyType = 1;
			remoteGlobalIDString = 95DB086D1D98D01C009C404A;
			remoteInfo = ETrip;
		};
/* End PBXContainerItemProxy section */

/* Begin PBXFileReference section */
		221E4E19DB97934AF0A946F4 /* Pods-ETrip.release.xcconfig */ = {isa = PBXFileReference; includeInIndex = 1; lastKnownFileType = text.xcconfig; name = "Pods-ETrip.release.xcconfig"; path = "Pods/Target Support Files/Pods-ETrip/Pods-ETrip.release.xcconfig"; sourceTree = "<group>"; };
		413BC3398FFD7394522B83E7 /* Pods-ETrip.debug.xcconfig */ = {isa = PBXFileReference; includeInIndex = 1; lastKnownFileType = text.xcconfig; name = "Pods-ETrip.debug.xcconfig"; path = "Pods/Target Support Files/Pods-ETrip/Pods-ETrip.debug.xcconfig"; sourceTree = "<group>"; };
		95044D281DA23C5200696DC8 /* SideMenuTableViewCell.swift */ = {isa = PBXFileReference; fileEncoding = 4; lastKnownFileType = sourcecode.swift; path = SideMenuTableViewCell.swift; sourceTree = "<group>"; };
		95143BED1D9D0D9F00E389E1 /* Post.swift */ = {isa = PBXFileReference; fileEncoding = 4; lastKnownFileType = sourcecode.swift; path = Post.swift; sourceTree = "<group>"; };
		95143BEF1D9D0ED100E389E1 /* HomeTableViewCell.swift */ = {isa = PBXFileReference; fileEncoding = 4; lastKnownFileType = sourcecode.swift; path = HomeTableViewCell.swift; sourceTree = "<group>"; };
		95143BF51D9D127B00E389E1 /* ResultViewController.swift */ = {isa = PBXFileReference; fileEncoding = 4; lastKnownFileType = sourcecode.swift; path = ResultViewController.swift; sourceTree = "<group>"; };
		95143BF71D9D1ADB00E389E1 /* PlannerViewController.swift */ = {isa = PBXFileReference; fileEncoding = 4; lastKnownFileType = sourcecode.swift; path = PlannerViewController.swift; sourceTree = "<group>"; };
		9549ED861D98F6FC0074E306 /* GoogleService-Info.plist */ = {isa = PBXFileReference; fileEncoding = 4; lastKnownFileType = text.plist.xml; name = "GoogleService-Info.plist"; path = "../GoogleService-Info.plist"; sourceTree = "<group>"; };
		9549ED881D9918260074E306 /* Transportation.swift */ = {isa = PBXFileReference; fileEncoding = 4; lastKnownFileType = sourcecode.swift; path = Transportation.swift; sourceTree = "<group>"; };
		9549ED8A1D991C3D0074E306 /* Accommodation.swift */ = {isa = PBXFileReference; fileEncoding = 4; lastKnownFileType = sourcecode.swift; path = Accommodation.swift; sourceTree = "<group>"; };
		9549ED8D1D991E970074E306 /* Attraction.swift */ = {isa = PBXFileReference; fileEncoding = 4; lastKnownFileType = sourcecode.swift; path = Attraction.swift; sourceTree = "<group>"; };
		959002321DA2354600EB5C76 /* ETrip-Bridging-Header.h */ = {isa = PBXFileReference; lastKnownFileType = sourcecode.c.h; path = "ETrip-Bridging-Header.h"; sourceTree = "<group>"; };
		959002331DA2354700EB5C76 /* SWRevealViewController.h */ = {isa = PBXFileReference; fileEncoding = 4; lastKnownFileType = sourcecode.c.h; path = SWRevealViewController.h; sourceTree = "<group>"; };
		959002341DA2354700EB5C76 /* SWRevealViewController.m */ = {isa = PBXFileReference; fileEncoding = 4; lastKnownFileType = sourcecode.c.objc; path = SWRevealViewController.m; sourceTree = "<group>"; };
		959002361DA2399A00EB5C76 /* SideMenuTableViewController.swift */ = {isa = PBXFileReference; fileEncoding = 4; lastKnownFileType = sourcecode.swift; path = SideMenuTableViewController.swift; sourceTree = "<group>"; };
		9595446B1D9CE2A300D676EB /* HomeTableViewController.swift */ = {isa = PBXFileReference; fileEncoding = 4; lastKnownFileType = sourcecode.swift; path = HomeTableViewController.swift; sourceTree = "<group>"; };
		95DB086E1D98D01C009C404A /* ETrip.app */ = {isa = PBXFileReference; explicitFileType = wrapper.application; includeInIndex = 0; path = ETrip.app; sourceTree = BUILT_PRODUCTS_DIR; };
		95DB08711D98D01C009C404A /* AppDelegate.swift */ = {isa = PBXFileReference; lastKnownFileType = sourcecode.swift; path = AppDelegate.swift; sourceTree = "<group>"; };
		95DB08731D98D01C009C404A /* LoginViewController.swift */ = {isa = PBXFileReference; lastKnownFileType = sourcecode.swift; path = LoginViewController.swift; sourceTree = "<group>"; };
		95DB08761D98D01C009C404A /* Base */ = {isa = PBXFileReference; lastKnownFileType = file.storyboard; name = Base; path = Base.lproj/Main.storyboard; sourceTree = "<group>"; };
		95DB08791D98D01C009C404A /* ETrip.xcdatamodel */ = {isa = PBXFileReference; lastKnownFileType = wrapper.xcdatamodel; path = ETrip.xcdatamodel; sourceTree = "<group>"; };
		95DB087B1D98D01C009C404A /* Assets.xcassets */ = {isa = PBXFileReference; lastKnownFileType = folder.assetcatalog; path = Assets.xcassets; sourceTree = "<group>"; };
		95DB087E1D98D01C009C404A /* Base */ = {isa = PBXFileReference; lastKnownFileType = file.storyboard; name = Base; path = Base.lproj/LaunchScreen.storyboard; sourceTree = "<group>"; };
		95DB08801D98D01C009C404A /* Info.plist */ = {isa = PBXFileReference; lastKnownFileType = text.plist.xml; path = Info.plist; sourceTree = "<group>"; };
		95DB08851D98D01C009C404A /* ETripTests.xctest */ = {isa = PBXFileReference; explicitFileType = wrapper.cfbundle; includeInIndex = 0; path = ETripTests.xctest; sourceTree = BUILT_PRODUCTS_DIR; };
		95DB08891D98D01C009C404A /* ETripTests.swift */ = {isa = PBXFileReference; lastKnownFileType = sourcecode.swift; path = ETripTests.swift; sourceTree = "<group>"; };
		95DB088B1D98D01C009C404A /* Info.plist */ = {isa = PBXFileReference; lastKnownFileType = text.plist.xml; path = Info.plist; sourceTree = "<group>"; };
		95DB08901D98D01C009C404A /* ETripUITests.xctest */ = {isa = PBXFileReference; explicitFileType = wrapper.cfbundle; includeInIndex = 0; path = ETripUITests.xctest; sourceTree = BUILT_PRODUCTS_DIR; };
		95DB08941D98D01C009C404A /* ETripUITests.swift */ = {isa = PBXFileReference; lastKnownFileType = sourcecode.swift; path = ETripUITests.swift; sourceTree = "<group>"; };
		95DB08961D98D01C009C404A /* Info.plist */ = {isa = PBXFileReference; lastKnownFileType = text.plist.xml; path = Info.plist; sourceTree = "<group>"; };
		95E3E9181D9E6513005BC373 /* EditViewController.swift */ = {isa = PBXFileReference; fileEncoding = 4; lastKnownFileType = sourcecode.swift; path = EditViewController.swift; sourceTree = "<group>"; };
		95E3E91C1D9E65E3005BC373 /* TitleTableViewCell.swift */ = {isa = PBXFileReference; fileEncoding = 4; lastKnownFileType = sourcecode.swift; path = TitleTableViewCell.swift; sourceTree = "<group>"; };
		E9938757E2A1A48A1777F11B /* Pods_ETrip.framework */ = {isa = PBXFileReference; explicitFileType = wrapper.framework; includeInIndex = 0; path = Pods_ETrip.framework; sourceTree = BUILT_PRODUCTS_DIR; };
/* End PBXFileReference section */

/* Begin PBXFrameworksBuildPhase section */
		95DB086B1D98D01C009C404A /* Frameworks */ = {
			isa = PBXFrameworksBuildPhase;
			buildActionMask = 2147483647;
			files = (
				D93AC57FD5203932B78485C1 /* Pods_ETrip.framework in Frameworks */,
			);
			runOnlyForDeploymentPostprocessing = 0;
		};
		95DB08821D98D01C009C404A /* Frameworks */ = {
			isa = PBXFrameworksBuildPhase;
			buildActionMask = 2147483647;
			files = (
			);
			runOnlyForDeploymentPostprocessing = 0;
		};
		95DB088D1D98D01C009C404A /* Frameworks */ = {
			isa = PBXFrameworksBuildPhase;
			buildActionMask = 2147483647;
			files = (
			);
			runOnlyForDeploymentPostprocessing = 0;
		};
/* End PBXFrameworksBuildPhase section */

/* Begin PBXGroup section */
		0B672F724339F868AF7F3098 /* Frameworks */ = {
			isa = PBXGroup;
			children = (
				E9938757E2A1A48A1777F11B /* Pods_ETrip.framework */,
			);
			name = Frameworks;
			sourceTree = "<group>";
		};
		60CBBBF4667EC48F3C3230DD /* Pods */ = {
			isa = PBXGroup;
			children = (
				413BC3398FFD7394522B83E7 /* Pods-ETrip.debug.xcconfig */,
				221E4E19DB97934AF0A946F4 /* Pods-ETrip.release.xcconfig */,
			);
			name = Pods;
			sourceTree = "<group>";
		};
		95044D2A1DA345A100696DC8 /* Controller */ = {
			isa = PBXGroup;
			children = (
				95DB08731D98D01C009C404A /* LoginViewController.swift */,
				9595446B1D9CE2A300D676EB /* HomeTableViewController.swift */,
				95E3E9181D9E6513005BC373 /* EditViewController.swift */,
				959002361DA2399A00EB5C76 /* SideMenuTableViewController.swift */,
				95143BF51D9D127B00E389E1 /* ResultViewController.swift */,
				95143BF71D9D1ADB00E389E1 /* PlannerViewController.swift */,
			);
			name = Controller;
			sourceTree = "<group>";
		};
		95044D2B1DA345AB00696DC8 /* Cell */ = {
			isa = PBXGroup;
			children = (
				95143BEF1D9D0ED100E389E1 /* HomeTableViewCell.swift */,
				95E3E91C1D9E65E3005BC373 /* TitleTableViewCell.swift */,
				95044D281DA23C5200696DC8 /* SideMenuTableViewCell.swift */,
			);
			name = Cell;
			sourceTree = "<group>";
		};
		9549ED8C1D991E290074E306 /* Model */ = {
			isa = PBXGroup;
			children = (
				95143BED1D9D0D9F00E389E1 /* Post.swift */,
				9549ED881D9918260074E306 /* Transportation.swift */,
				9549ED8A1D991C3D0074E306 /* Accommodation.swift */,
				9549ED8D1D991E970074E306 /* Attraction.swift */,
			);
			name = Model;
			sourceTree = "<group>";
		};
		959002311DA2351400EB5C76 /* SupportingFiles */ = {
			isa = PBXGroup;
			children = (
				95DB08801D98D01C009C404A /* Info.plist */,
				9549ED861D98F6FC0074E306 /* GoogleService-Info.plist */,
				95DB08781D98D01C009C404A /* ETrip.xcdatamodeld */,
				959002331DA2354700EB5C76 /* SWRevealViewController.h */,
				959002341DA2354700EB5C76 /* SWRevealViewController.m */,
				959002321DA2354600EB5C76 /* ETrip-Bridging-Header.h */,
			);
			name = SupportingFiles;
			sourceTree = "<group>";
		};
		95DB08651D98D01C009C404A = {
			isa = PBXGroup;
			children = (
				95DB08701D98D01C009C404A /* ETrip */,
				95DB08881D98D01C009C404A /* ETripTests */,
				95DB08931D98D01C009C404A /* ETripUITests */,
				95DB086F1D98D01C009C404A /* Products */,
				60CBBBF4667EC48F3C3230DD /* Pods */,
				0B672F724339F868AF7F3098 /* Frameworks */,
			);
			sourceTree = "<group>";
		};
		95DB086F1D98D01C009C404A /* Products */ = {
			isa = PBXGroup;
			children = (
				95DB086E1D98D01C009C404A /* ETrip.app */,
				95DB08851D98D01C009C404A /* ETripTests.xctest */,
				95DB08901D98D01C009C404A /* ETripUITests.xctest */,
			);
			name = Products;
			sourceTree = "<group>";
		};
		95DB08701D98D01C009C404A /* ETrip */ = {
			isa = PBXGroup;
			children = (
				95DB08711D98D01C009C404A /* AppDelegate.swift */,
				95DB08751D98D01C009C404A /* Main.storyboard */,
				95044D2A1DA345A100696DC8 /* Controller */,
				9549ED8C1D991E290074E306 /* Model */,
				95044D2B1DA345AB00696DC8 /* Cell */,
				95DB087B1D98D01C009C404A /* Assets.xcassets */,
				959002311DA2351400EB5C76 /* SupportingFiles */,
				95DB087D1D98D01C009C404A /* LaunchScreen.storyboard */,
			);
			path = ETrip;
			sourceTree = "<group>";
		};
		95DB08881D98D01C009C404A /* ETripTests */ = {
			isa = PBXGroup;
			children = (
				95DB08891D98D01C009C404A /* ETripTests.swift */,
				95DB088B1D98D01C009C404A /* Info.plist */,
			);
			path = ETripTests;
			sourceTree = "<group>";
		};
		95DB08931D98D01C009C404A /* ETripUITests */ = {
			isa = PBXGroup;
			children = (
				95DB08941D98D01C009C404A /* ETripUITests.swift */,
				95DB08961D98D01C009C404A /* Info.plist */,
			);
			path = ETripUITests;
			sourceTree = "<group>";
		};
/* End PBXGroup section */

/* Begin PBXNativeTarget section */
		95DB086D1D98D01C009C404A /* ETrip */ = {
			isa = PBXNativeTarget;
			buildConfigurationList = 95DB08991D98D01C009C404A /* Build configuration list for PBXNativeTarget "ETrip" */;
			buildPhases = (
				409EEC9DEB919C85375EADFF /* [CP] Check Pods Manifest.lock */,
				95DB086A1D98D01C009C404A /* Sources */,
				95DB086B1D98D01C009C404A /* Frameworks */,
				95DB086C1D98D01C009C404A /* Resources */,
				86A640DB7B8E8B6089D805D8 /* [CP] Embed Pods Frameworks */,
				491B4C0B214E65A1EFA69BC8 /* [CP] Copy Pods Resources */,
			);
			buildRules = (
			);
			dependencies = (
			);
			name = ETrip;
			productName = ETrip;
			productReference = 95DB086E1D98D01C009C404A /* ETrip.app */;
			productType = "com.apple.product-type.application";
		};
		95DB08841D98D01C009C404A /* ETripTests */ = {
			isa = PBXNativeTarget;
			buildConfigurationList = 95DB089C1D98D01C009C404A /* Build configuration list for PBXNativeTarget "ETripTests" */;
			buildPhases = (
				95DB08811D98D01C009C404A /* Sources */,
				95DB08821D98D01C009C404A /* Frameworks */,
				95DB08831D98D01C009C404A /* Resources */,
			);
			buildRules = (
			);
			dependencies = (
				95DB08871D98D01C009C404A /* PBXTargetDependency */,
			);
			name = ETripTests;
			productName = ETripTests;
			productReference = 95DB08851D98D01C009C404A /* ETripTests.xctest */;
			productType = "com.apple.product-type.bundle.unit-test";
		};
		95DB088F1D98D01C009C404A /* ETripUITests */ = {
			isa = PBXNativeTarget;
			buildConfigurationList = 95DB089F1D98D01C009C404A /* Build configuration list for PBXNativeTarget "ETripUITests" */;
			buildPhases = (
				95DB088C1D98D01C009C404A /* Sources */,
				95DB088D1D98D01C009C404A /* Frameworks */,
				95DB088E1D98D01C009C404A /* Resources */,
			);
			buildRules = (
			);
			dependencies = (
				95DB08921D98D01C009C404A /* PBXTargetDependency */,
			);
			name = ETripUITests;
			productName = ETripUITests;
			productReference = 95DB08901D98D01C009C404A /* ETripUITests.xctest */;
			productType = "com.apple.product-type.bundle.ui-testing";
		};
/* End PBXNativeTarget section */

/* Begin PBXProject section */
		95DB08661D98D01C009C404A /* Project object */ = {
			isa = PBXProject;
			attributes = {
				LastSwiftUpdateCheck = 0730;
				LastUpgradeCheck = 0730;
				ORGANIZATIONNAME = "Erin Shih";
				TargetAttributes = {
					95DB086D1D98D01C009C404A = {
						CreatedOnToolsVersion = 7.3.1;
					};
					95DB08841D98D01C009C404A = {
						CreatedOnToolsVersion = 7.3.1;
						TestTargetID = 95DB086D1D98D01C009C404A;
					};
					95DB088F1D98D01C009C404A = {
						CreatedOnToolsVersion = 7.3.1;
						TestTargetID = 95DB086D1D98D01C009C404A;
					};
				};
			};
			buildConfigurationList = 95DB08691D98D01C009C404A /* Build configuration list for PBXProject "ETrip" */;
			compatibilityVersion = "Xcode 3.2";
			developmentRegion = English;
			hasScannedForEncodings = 0;
			knownRegions = (
				en,
				Base,
			);
			mainGroup = 95DB08651D98D01C009C404A;
			productRefGroup = 95DB086F1D98D01C009C404A /* Products */;
			projectDirPath = "";
			projectRoot = "";
			targets = (
				95DB086D1D98D01C009C404A /* ETrip */,
				95DB08841D98D01C009C404A /* ETripTests */,
				95DB088F1D98D01C009C404A /* ETripUITests */,
			);
		};
/* End PBXProject section */

/* Begin PBXResourcesBuildPhase section */
		95DB086C1D98D01C009C404A /* Resources */ = {
			isa = PBXResourcesBuildPhase;
			buildActionMask = 2147483647;
			files = (
				95DB087F1D98D01C009C404A /* LaunchScreen.storyboard in Resources */,
				9549ED871D98F6FC0074E306 /* GoogleService-Info.plist in Resources */,
				95DB087C1D98D01C009C404A /* Assets.xcassets in Resources */,
				95DB08771D98D01C009C404A /* Main.storyboard in Resources */,
			);
			runOnlyForDeploymentPostprocessing = 0;
		};
		95DB08831D98D01C009C404A /* Resources */ = {
			isa = PBXResourcesBuildPhase;
			buildActionMask = 2147483647;
			files = (
			);
			runOnlyForDeploymentPostprocessing = 0;
		};
		95DB088E1D98D01C009C404A /* Resources */ = {
			isa = PBXResourcesBuildPhase;
			buildActionMask = 2147483647;
			files = (
			);
			runOnlyForDeploymentPostprocessing = 0;
		};
/* End PBXResourcesBuildPhase section */

/* Begin PBXShellScriptBuildPhase section */
		409EEC9DEB919C85375EADFF /* [CP] Check Pods Manifest.lock */ = {
			isa = PBXShellScriptBuildPhase;
			buildActionMask = 2147483647;
			files = (
			);
			inputPaths = (
			);
			name = "[CP] Check Pods Manifest.lock";
			outputPaths = (
			);
			runOnlyForDeploymentPostprocessing = 0;
			shellPath = /bin/sh;
			shellScript = "diff \"${PODS_ROOT}/../Podfile.lock\" \"${PODS_ROOT}/Manifest.lock\" > /dev/null\nif [ $? != 0 ] ; then\n    # print error to STDERR\n    echo \"error: The sandbox is not in sync with the Podfile.lock. Run 'pod install' or update your CocoaPods installation.\" >&2\n    exit 1\nfi\n";
			showEnvVarsInLog = 0;
		};
		491B4C0B214E65A1EFA69BC8 /* [CP] Copy Pods Resources */ = {
			isa = PBXShellScriptBuildPhase;
			buildActionMask = 2147483647;
			files = (
			);
			inputPaths = (
			);
			name = "[CP] Copy Pods Resources";
			outputPaths = (
			);
			runOnlyForDeploymentPostprocessing = 0;
			shellPath = /bin/sh;
			shellScript = "\"${SRCROOT}/Pods/Target Support Files/Pods-ETrip/Pods-ETrip-resources.sh\"\n";
			showEnvVarsInLog = 0;
		};
		86A640DB7B8E8B6089D805D8 /* [CP] Embed Pods Frameworks */ = {
			isa = PBXShellScriptBuildPhase;
			buildActionMask = 2147483647;
			files = (
			);
			inputPaths = (
			);
			name = "[CP] Embed Pods Frameworks";
			outputPaths = (
			);
			runOnlyForDeploymentPostprocessing = 0;
			shellPath = /bin/sh;
			shellScript = "\"${SRCROOT}/Pods/Target Support Files/Pods-ETrip/Pods-ETrip-frameworks.sh\"\n";
			showEnvVarsInLog = 0;
		};
/* End PBXShellScriptBuildPhase section */

/* Begin PBXSourcesBuildPhase section */
		95DB086A1D98D01C009C404A /* Sources */ = {
			isa = PBXSourcesBuildPhase;
			buildActionMask = 2147483647;
			files = (
				95E3E91D1D9E65E3005BC373 /* TitleTableViewCell.swift in Sources */,
				95E3E9191D9E6513005BC373 /* EditViewController.swift in Sources */,
				95DB08741D98D01C009C404A /* LoginViewController.swift in Sources */,
				959002371DA2399A00EB5C76 /* SideMenuTableViewController.swift in Sources */,
				95DB08721D98D01C009C404A /* AppDelegate.swift in Sources */,
				95DB087A1D98D01C009C404A /* ETrip.xcdatamodeld in Sources */,
				95143BEE1D9D0D9F00E389E1 /* Post.swift in Sources */,
				9549ED8B1D991C3D0074E306 /* Accommodation.swift in Sources */,
				9595446C1D9CE2A300D676EB /* HomeTableViewController.swift in Sources */,
				95143BF01D9D0ED100E389E1 /* HomeTableViewCell.swift in Sources */,
				9549ED8E1D991E970074E306 /* Attraction.swift in Sources */,
				959002351DA2354700EB5C76 /* SWRevealViewController.m in Sources */,
				95143BF81D9D1ADB00E389E1 /* PlannerViewController.swift in Sources */,
				95044D291DA23C5200696DC8 /* SideMenuTableViewCell.swift in Sources */,
				9549ED891D9918260074E306 /* Transportation.swift in Sources */,
				95143BF61D9D127B00E389E1 /* ResultViewController.swift in Sources */,
			);
			runOnlyForDeploymentPostprocessing = 0;
		};
		95DB08811D98D01C009C404A /* Sources */ = {
			isa = PBXSourcesBuildPhase;
			buildActionMask = 2147483647;
			files = (
				95DB088A1D98D01C009C404A /* ETripTests.swift in Sources */,
			);
			runOnlyForDeploymentPostprocessing = 0;
		};
		95DB088C1D98D01C009C404A /* Sources */ = {
			isa = PBXSourcesBuildPhase;
			buildActionMask = 2147483647;
			files = (
				95DB08951D98D01C009C404A /* ETripUITests.swift in Sources */,
			);
			runOnlyForDeploymentPostprocessing = 0;
		};
/* End PBXSourcesBuildPhase section */

/* Begin PBXTargetDependency section */
		95DB08871D98D01C009C404A /* PBXTargetDependency */ = {
			isa = PBXTargetDependency;
			target = 95DB086D1D98D01C009C404A /* ETrip */;
			targetProxy = 95DB08861D98D01C009C404A /* PBXContainerItemProxy */;
		};
		95DB08921D98D01C009C404A /* PBXTargetDependency */ = {
			isa = PBXTargetDependency;
			target = 95DB086D1D98D01C009C404A /* ETrip */;
			targetProxy = 95DB08911D98D01C009C404A /* PBXContainerItemProxy */;
		};
/* End PBXTargetDependency section */

/* Begin PBXVariantGroup section */
		95DB08751D98D01C009C404A /* Main.storyboard */ = {
			isa = PBXVariantGroup;
			children = (
				95DB08761D98D01C009C404A /* Base */,
			);
			name = Main.storyboard;
			sourceTree = "<group>";
		};
		95DB087D1D98D01C009C404A /* LaunchScreen.storyboard */ = {
			isa = PBXVariantGroup;
			children = (
				95DB087E1D98D01C009C404A /* Base */,
			);
			name = LaunchScreen.storyboard;
			sourceTree = "<group>";
		};
/* End PBXVariantGroup section */

/* Begin XCBuildConfiguration section */
		95DB08971D98D01C009C404A /* Debug */ = {
			isa = XCBuildConfiguration;
			buildSettings = {
				ALWAYS_SEARCH_USER_PATHS = NO;
				CLANG_ANALYZER_NONNULL = YES;
				CLANG_CXX_LANGUAGE_STANDARD = "gnu++0x";
				CLANG_CXX_LIBRARY = "libc++";
				CLANG_ENABLE_MODULES = YES;
				CLANG_ENABLE_OBJC_ARC = YES;
				CLANG_WARN_BOOL_CONVERSION = YES;
				CLANG_WARN_CONSTANT_CONVERSION = YES;
				CLANG_WARN_DIRECT_OBJC_ISA_USAGE = YES_ERROR;
				CLANG_WARN_EMPTY_BODY = YES;
				CLANG_WARN_ENUM_CONVERSION = YES;
				CLANG_WARN_INT_CONVERSION = YES;
				CLANG_WARN_OBJC_ROOT_CLASS = YES_ERROR;
				CLANG_WARN_UNREACHABLE_CODE = YES;
				CLANG_WARN__DUPLICATE_METHOD_MATCH = YES;
				"CODE_SIGN_IDENTITY[sdk=iphoneos*]" = "iPhone Developer";
				COPY_PHASE_STRIP = NO;
				DEBUG_INFORMATION_FORMAT = dwarf;
				ENABLE_STRICT_OBJC_MSGSEND = YES;
				ENABLE_TESTABILITY = YES;
				GCC_C_LANGUAGE_STANDARD = gnu99;
				GCC_DYNAMIC_NO_PIC = NO;
				GCC_NO_COMMON_BLOCKS = YES;
				GCC_OPTIMIZATION_LEVEL = 0;
				GCC_PREPROCESSOR_DEFINITIONS = (
					"DEBUG=1",
					"$(inherited)",
				);
				GCC_WARN_64_TO_32_BIT_CONVERSION = YES;
				GCC_WARN_ABOUT_RETURN_TYPE = YES_ERROR;
				GCC_WARN_UNDECLARED_SELECTOR = YES;
				GCC_WARN_UNINITIALIZED_AUTOS = YES_AGGRESSIVE;
				GCC_WARN_UNUSED_FUNCTION = YES;
				GCC_WARN_UNUSED_VARIABLE = YES;
				IPHONEOS_DEPLOYMENT_TARGET = 9.3;
				MTL_ENABLE_DEBUG_INFO = YES;
				ONLY_ACTIVE_ARCH = YES;
				SDKROOT = iphoneos;
				SWIFT_OPTIMIZATION_LEVEL = "-Onone";
				TARGETED_DEVICE_FAMILY = "1,2";
			};
			name = Debug;
		};
		95DB08981D98D01C009C404A /* Release */ = {
			isa = XCBuildConfiguration;
			buildSettings = {
				ALWAYS_SEARCH_USER_PATHS = NO;
				CLANG_ANALYZER_NONNULL = YES;
				CLANG_CXX_LANGUAGE_STANDARD = "gnu++0x";
				CLANG_CXX_LIBRARY = "libc++";
				CLANG_ENABLE_MODULES = YES;
				CLANG_ENABLE_OBJC_ARC = YES;
				CLANG_WARN_BOOL_CONVERSION = YES;
				CLANG_WARN_CONSTANT_CONVERSION = YES;
				CLANG_WARN_DIRECT_OBJC_ISA_USAGE = YES_ERROR;
				CLANG_WARN_EMPTY_BODY = YES;
				CLANG_WARN_ENUM_CONVERSION = YES;
				CLANG_WARN_INT_CONVERSION = YES;
				CLANG_WARN_OBJC_ROOT_CLASS = YES_ERROR;
				CLANG_WARN_UNREACHABLE_CODE = YES;
				CLANG_WARN__DUPLICATE_METHOD_MATCH = YES;
				"CODE_SIGN_IDENTITY[sdk=iphoneos*]" = "iPhone Developer";
				COPY_PHASE_STRIP = NO;
				DEBUG_INFORMATION_FORMAT = "dwarf-with-dsym";
				ENABLE_NS_ASSERTIONS = NO;
				ENABLE_STRICT_OBJC_MSGSEND = YES;
				GCC_C_LANGUAGE_STANDARD = gnu99;
				GCC_NO_COMMON_BLOCKS = YES;
				GCC_WARN_64_TO_32_BIT_CONVERSION = YES;
				GCC_WARN_ABOUT_RETURN_TYPE = YES_ERROR;
				GCC_WARN_UNDECLARED_SELECTOR = YES;
				GCC_WARN_UNINITIALIZED_AUTOS = YES_AGGRESSIVE;
				GCC_WARN_UNUSED_FUNCTION = YES;
				GCC_WARN_UNUSED_VARIABLE = YES;
				IPHONEOS_DEPLOYMENT_TARGET = 9.3;
				MTL_ENABLE_DEBUG_INFO = NO;
				SDKROOT = iphoneos;
				TARGETED_DEVICE_FAMILY = "1,2";
				VALIDATE_PRODUCT = YES;
			};
			name = Release;
		};
		95DB089A1D98D01C009C404A /* Debug */ = {
			isa = XCBuildConfiguration;
			baseConfigurationReference = 413BC3398FFD7394522B83E7 /* Pods-ETrip.debug.xcconfig */;
			buildSettings = {
				ASSETCATALOG_COMPILER_APPICON_NAME = AppIcon;
				CLANG_ENABLE_MODULES = YES;
				FRAMEWORK_SEARCH_PATHS = (
					"$(inherited)",
					"\"$PODS_CONFIGURATION_BUILD_DIR/Bolts\"",
					"\"$PODS_CONFIGURATION_BUILD_DIR/FBSDKCoreKit\"",
					"\"$PODS_CONFIGURATION_BUILD_DIR/FBSDKLoginKit\"",
					"\"$PODS_CONFIGURATION_BUILD_DIR/FBSDKShareKit\"",
					"\"${PODS_ROOT}/FirebaseAnalytics/Frameworks/frameworks\"",
					"\"${PODS_ROOT}/FirebaseAuth/Frameworks/frameworks\"",
					"\"${PODS_ROOT}/FirebaseDatabase/Frameworks\"",
					"\"${PODS_ROOT}/FirebaseInstanceID/Frameworks/frameworks\"",
					"\"${PODS_ROOT}/GoogleInterchangeUtilities/Frameworks\"",
					"\"${PODS_ROOT}/GoogleNetworkingUtilities/Frameworks\"",
					"\"${PODS_ROOT}/GoogleSymbolUtilities/Frameworks\"",
					"\"${PODS_ROOT}/GoogleUtilities/Frameworks\"",
				);
				INFOPLIST_FILE = ETrip/Info.plist;
				LD_RUNPATH_SEARCH_PATHS = "$(inherited) @executable_path/Frameworks";
				PRODUCT_BUNDLE_IDENTIFIER = erinshih.ETrip;
				PRODUCT_NAME = "$(TARGET_NAME)";
				SWIFT_OBJC_BRIDGING_HEADER = "ETrip/ETrip-Bridging-Header.h";
				SWIFT_OPTIMIZATION_LEVEL = "-Onone";
			};
			name = Debug;
		};
		95DB089B1D98D01C009C404A /* Release */ = {
			isa = XCBuildConfiguration;
			baseConfigurationReference = 221E4E19DB97934AF0A946F4 /* Pods-ETrip.release.xcconfig */;
			buildSettings = {
				ASSETCATALOG_COMPILER_APPICON_NAME = AppIcon;
				CLANG_ENABLE_MODULES = YES;
				FRAMEWORK_SEARCH_PATHS = (
					"$(inherited)",
					"\"$PODS_CONFIGURATION_BUILD_DIR/Bolts\"",
					"\"$PODS_CONFIGURATION_BUILD_DIR/FBSDKCoreKit\"",
					"\"$PODS_CONFIGURATION_BUILD_DIR/FBSDKLoginKit\"",
					"\"$PODS_CONFIGURATION_BUILD_DIR/FBSDKShareKit\"",
					"\"${PODS_ROOT}/FirebaseAnalytics/Frameworks/frameworks\"",
					"\"${PODS_ROOT}/FirebaseAuth/Frameworks/frameworks\"",
					"\"${PODS_ROOT}/FirebaseDatabase/Frameworks\"",
					"\"${PODS_ROOT}/FirebaseInstanceID/Frameworks/frameworks\"",
					"\"${PODS_ROOT}/GoogleInterchangeUtilities/Frameworks\"",
					"\"${PODS_ROOT}/GoogleNetworkingUtilities/Frameworks\"",
					"\"${PODS_ROOT}/GoogleSymbolUtilities/Frameworks\"",
					"\"${PODS_ROOT}/GoogleUtilities/Frameworks\"",
				);
				INFOPLIST_FILE = ETrip/Info.plist;
				LD_RUNPATH_SEARCH_PATHS = "$(inherited) @executable_path/Frameworks";
				PRODUCT_BUNDLE_IDENTIFIER = erinshih.ETrip;
				PRODUCT_NAME = "$(TARGET_NAME)";
				SWIFT_OBJC_BRIDGING_HEADER = "ETrip/ETrip-Bridging-Header.h";
			};
			name = Release;
		};
		95DB089D1D98D01C009C404A /* Debug */ = {
			isa = XCBuildConfiguration;
			buildSettings = {
				BUNDLE_LOADER = "$(TEST_HOST)";
				INFOPLIST_FILE = ETripTests/Info.plist;
				LD_RUNPATH_SEARCH_PATHS = "$(inherited) @executable_path/Frameworks @loader_path/Frameworks";
				PRODUCT_BUNDLE_IDENTIFIER = erinshih.ETripTests;
				PRODUCT_NAME = "$(TARGET_NAME)";
				TEST_HOST = "$(BUILT_PRODUCTS_DIR)/ETrip.app/ETrip";
			};
			name = Debug;
		};
		95DB089E1D98D01C009C404A /* Release */ = {
			isa = XCBuildConfiguration;
			buildSettings = {
				BUNDLE_LOADER = "$(TEST_HOST)";
				INFOPLIST_FILE = ETripTests/Info.plist;
				LD_RUNPATH_SEARCH_PATHS = "$(inherited) @executable_path/Frameworks @loader_path/Frameworks";
				PRODUCT_BUNDLE_IDENTIFIER = erinshih.ETripTests;
				PRODUCT_NAME = "$(TARGET_NAME)";
				TEST_HOST = "$(BUILT_PRODUCTS_DIR)/ETrip.app/ETrip";
			};
			name = Release;
		};
		95DB08A01D98D01C009C404A /* Debug */ = {
			isa = XCBuildConfiguration;
			buildSettings = {
				INFOPLIST_FILE = ETripUITests/Info.plist;
				LD_RUNPATH_SEARCH_PATHS = "$(inherited) @executable_path/Frameworks @loader_path/Frameworks";
				PRODUCT_BUNDLE_IDENTIFIER = erinshih.ETripUITests;
				PRODUCT_NAME = "$(TARGET_NAME)";
				TEST_TARGET_NAME = ETrip;
			};
			name = Debug;
		};
		95DB08A11D98D01C009C404A /* Release */ = {
			isa = XCBuildConfiguration;
			buildSettings = {
				INFOPLIST_FILE = ETripUITests/Info.plist;
				LD_RUNPATH_SEARCH_PATHS = "$(inherited) @executable_path/Frameworks @loader_path/Frameworks";
				PRODUCT_BUNDLE_IDENTIFIER = erinshih.ETripUITests;
				PRODUCT_NAME = "$(TARGET_NAME)";
				TEST_TARGET_NAME = ETrip;
			};
			name = Release;
		};
/* End XCBuildConfiguration section */

/* Begin XCConfigurationList section */
		95DB08691D98D01C009C404A /* Build configuration list for PBXProject "ETrip" */ = {
			isa = XCConfigurationList;
			buildConfigurations = (
				95DB08971D98D01C009C404A /* Debug */,
				95DB08981D98D01C009C404A /* Release */,
			);
			defaultConfigurationIsVisible = 0;
			defaultConfigurationName = Release;
		};
		95DB08991D98D01C009C404A /* Build configuration list for PBXNativeTarget "ETrip" */ = {
			isa = XCConfigurationList;
			buildConfigurations = (
				95DB089A1D98D01C009C404A /* Debug */,
				95DB089B1D98D01C009C404A /* Release */,
			);
			defaultConfigurationIsVisible = 0;
			defaultConfigurationName = Release;
		};
		95DB089C1D98D01C009C404A /* Build configuration list for PBXNativeTarget "ETripTests" */ = {
			isa = XCConfigurationList;
			buildConfigurations = (
				95DB089D1D98D01C009C404A /* Debug */,
				95DB089E1D98D01C009C404A /* Release */,
			);
			defaultConfigurationIsVisible = 0;
			defaultConfigurationName = Release;
		};
		95DB089F1D98D01C009C404A /* Build configuration list for PBXNativeTarget "ETripUITests" */ = {
			isa = XCConfigurationList;
			buildConfigurations = (
				95DB08A01D98D01C009C404A /* Debug */,
				95DB08A11D98D01C009C404A /* Release */,
			);
			defaultConfigurationIsVisible = 0;
			defaultConfigurationName = Release;
		};
/* End XCConfigurationList section */

/* Begin XCVersionGroup section */
		95DB08781D98D01C009C404A /* ETrip.xcdatamodeld */ = {
			isa = XCVersionGroup;
			children = (
				95DB08791D98D01C009C404A /* ETrip.xcdatamodel */,
			);
			currentVersion = 95DB08791D98D01C009C404A /* ETrip.xcdatamodel */;
			path = ETrip.xcdatamodeld;
			sourceTree = "<group>";
			versionGroupType = wrapper.xcdatamodel;
		};
/* End XCVersionGroup section */
	};
	rootObject = 95DB08661D98D01C009C404A /* Project object */;
}
